
<<<<<<< HEAD
Microsoft Visual Studio Solution File, Format Version 11.00
# Visual Studio 2010
=======
Microsoft Visual Studio Solution File, Format Version 12.00
# Visual Studio 15
>>>>>>> f2c73de3801bc1c99350ff5426424ea6e0ee43d8
Project("{FAE04EC0-301F-11D3-BF4B-00C04F79EFBC}") = "Office VR Project", "Assembly-CSharp.csproj", "{5E070DC5-515F-3CB9-6AC8-A95DA073D05F}"
EndProject
Global
	GlobalSection(SolutionConfigurationPlatforms) = preSolution
		Debug|Any CPU = Debug|Any CPU
		Release|Any CPU = Release|Any CPU
	EndGlobalSection
	GlobalSection(ProjectConfigurationPlatforms) = postSolution
		{5E070DC5-515F-3CB9-6AC8-A95DA073D05F}.Debug|Any CPU.ActiveCfg = Debug|Any CPU
		{5E070DC5-515F-3CB9-6AC8-A95DA073D05F}.Debug|Any CPU.Build.0 = Debug|Any CPU
		{5E070DC5-515F-3CB9-6AC8-A95DA073D05F}.Release|Any CPU.ActiveCfg = Release|Any CPU
		{5E070DC5-515F-3CB9-6AC8-A95DA073D05F}.Release|Any CPU.Build.0 = Release|Any CPU
	EndGlobalSection
	GlobalSection(SolutionProperties) = preSolution
		HideSolutionNode = FALSE
	EndGlobalSection
	GlobalSection(MonoDevelopProperties) = preSolution
		StartupItem = Assembly-CSharp.csproj
	EndGlobalSection
EndGlobal
